<?xml version="1.0" encoding="utf-8"?>
<Project ToolsVersion="4.0" xmlns="http://schemas.microsoft.com/developer/msbuild/2003">
  <ItemGroup>
    <Filter Include="Source Files">
      <UniqueIdentifier>{4FC737F1-C7A5-4376-A066-2A32D752A2FF}</UniqueIdentifier>
      <Extensions>cpp;c;cc;cxx;def;odl;idl;hpj;bat;asm;asmx</Extensions>
    </Filter>
    <Filter Include="Header Files">
      <UniqueIdentifier>{93995380-89BD-4b04-88EB-625FBE52EBFB}</UniqueIdentifier>
      <Extensions>h;hh;hpp;hxx;hm;inl;inc;xsd</Extensions>
    </Filter>
    <Filter Include="Resource Files">
      <UniqueIdentifier>{67DA6AB6-F800-4c08-8B7A-83BB121AAD01}</UniqueIdentifier>
      <Extensions>rc;ico;cur;bmp;dlg;rc2;rct;bin;rgs;gif;jpg;jpeg;jpe;resx;tiff;tif;png;wav;mfcribbon-ms</Extensions>
    </Filter>
  </ItemGroup>
  <ItemGroup>
    <ClCompile Include="gstsrt.c">
      <Filter>Source Files</Filter>
    </ClCompile>
    <ClCompile Include="gstsrtbasesink.c">
      <Filter>Source Files</Filter>
    </ClCompile>
    <ClCompile Include="gstsrtbasesrc.c">
      <Filter>Source Files</Filter>
    </ClCompile>
    <ClCompile Include="gstsrtclientsink.c">
      <Filter>Source Files</Filter>
    </ClCompile>
    <ClCompile Include="gstsrtclientsrc.c">
      <Filter>Source Files</Filter>
    </ClCompile>
    <ClCompile Include="gstsrtserversink.c">
      <Filter>Source Files</Filter>
    </ClCompile>
    <ClCompile Include="gstsrtserversrc.c">
      <Filter>Source Files</Filter>
    </ClCompile>
    <ClCompile Include="gstsrtmeta.c">
      <Filter>Source Files</Filter>
    </ClCompile>
  </ItemGroup>
  <ItemGroup>
    <ClInclude Include="gstsrtbasesink.h">
      <Filter>Header Files</Filter>
    </ClInclude>
    <ClInclude Include="gstsrtbasesrc.h">
      <Filter>Header Files</Filter>
    </ClInclude>
    <ClInclude Include="gstsrtclientsink.h">
      <Filter>Header Files</Filter>
    </ClInclude>
    <ClInclude Include="gstsrtclientsrc.h">
      <Filter>Header Files</Filter>
    </ClInclude>
    <ClInclude Include="gstsrtserversink.h">
      <Filter>Header Files</Filter>
    </ClInclude>
    <ClInclude Include="gstsrtserversrc.h">
      <Filter>Header Files</Filter>
    </ClInclude>
    <ClInclude Include="gstsrt.h">
      <Filter>Header Files</Filter>
    </ClInclude>
    <ClInclude Include="gstsrtmeta.h">
      <Filter>Header Files</Filter>
    </ClInclude>
  </ItemGroup>
</Project>